PODS:
  - Alamofire (5.1.0)
  - HandyJSON (5.0.2)
  - Kingfisher (5.14.1):
    - Kingfisher/Core (= 5.14.1)
  - Kingfisher/Core (5.14.1)
  - MJExtension (3.2.2)
  - MJRefresh (3.4.3)
  - SnapKit (5.0.1)
  - SwiftyJSON (5.0.0)

DEPENDENCIES:
  - Alamofire (~> 5.1.0)
  - HandyJSON (~> 5.0.1)
  - Kingfisher (~> 5.14.1)
  - MJExtension
  - MJRefresh
  - SnapKit (~> 5.0.1)
  - SwiftyJSON (~> 5.0.0)

SPEC REPOS:
  https://github.com/CocoaPods/Specs.git:
    - Alamofire
    - HandyJSON
    - Kingfisher
    - MJExtension
    - MJRefresh
    - SnapKit
    - SwiftyJSON

SPEC CHECKSUMS:
  Alamofire: 9d5c5f602928e512395b30950c5984eca840093c
  HandyJSON: 9e4e236f5d2dbefad5155a77417bbea438201c03
  Kingfisher: 8050bc6f7f68cbf3908bd04df7ccbac188f6d6d6
  MJExtension: d9b9c74cbdeb724c1e9ecbb157b318276e62e876
  MJRefresh: 53e3e3219f204425ee6d3e62e8733d3295944cd6
  SnapKit: 97b92857e3df3a0c71833cce143274bf6ef8e5eb
  SwiftyJSON: 36413e04c44ee145039d332b4f4e2d3e8d6c4db7

PODFILE CHECKSUM: 6a8aed4e7d0211bb0a36cb4dc592a878a503b7fa

COCOAPODS: 1.9.3
