// !$*UTF8*$!
{
	archiveVersion = 1;
	classes = {
	};
	objectVersion = 51;
	objects = {

/* Begin PBXBuildFile section */
		73394AD04AA3A55F25AC55E2 /* Pods_HZCycleView.framework in Frameworks */ = {isa = PBXBuildFile; fileRef = FDEC2968AA1D6F340BAF4569 /* Pods_HZCycleView.framework */; };
		A60C884024E3867000085F40 /* HZCycleModel.swift in Sources */ = {isa = PBXBuildFile; fileRef = A60C883F24E3867000085F40 /* HZCycleModel.swift */; };
		A60C884224E38A6200085F40 /* HomeModel.swift in Sources */ = {isa = PBXBuildFile; fileRef = A60C884124E38A6200085F40 /* HomeModel.swift */; };
		A60C884424E38FE900085F40 /* HomeCell.swift in Sources */ = {isa = PBXBuildFile; fileRef = A60C884324E38FE800085F40 /* HomeCell.swift */; };
		A60C884624E3C97400085F40 /* NetConst.swift in Sources */ = {isa = PBXBuildFile; fileRef = A60C884524E3C97400085F40 /* NetConst.swift */; };
		A60C884824E3EACD00085F40 /* GirlModel.swift in Sources */ = {isa = PBXBuildFile; fileRef = A60C884724E3EACD00085F40 /* GirlModel.swift */; };
		A60C884A24E3EAED00085F40 /* GirlViewController.swift in Sources */ = {isa = PBXBuildFile; fileRef = A60C884924E3EAED00085F40 /* GirlViewController.swift */; };
		A639BB7824E6195900D790A2 /* ReadViewController.swift in Sources */ = {isa = PBXBuildFile; fileRef = A639BB7724E6195900D790A2 /* ReadViewController.swift */; };
		A639BB7A24E619F300D790A2 /* CatagoryViewController.swift in Sources */ = {isa = PBXBuildFile; fileRef = A639BB7924E619F300D790A2 /* CatagoryViewController.swift */; };
		A639BB7D24E62EAE00D790A2 /* HZImageViewer.swift in Sources */ = {isa = PBXBuildFile; fileRef = A639BB7C24E62EAE00D790A2 /* HZImageViewer.swift */; };
		A639BB7F24E63B3A00D790A2 /* HZImageViewerCell.swift in Sources */ = {isa = PBXBuildFile; fileRef = A639BB7E24E63B3A00D790A2 /* HZImageViewerCell.swift */; };
		A639BB8124E6656400D790A2 /* HZImageLoading.swift in Sources */ = {isa = PBXBuildFile; fileRef = A639BB8024E6656400D790A2 /* HZImageLoading.swift */; };
		A64E433724E43CC6009E94D1 /* GirlViewCell.swift in Sources */ = {isa = PBXBuildFile; fileRef = A64E433624E43CC6009E94D1 /* GirlViewCell.swift */; };
		A651E9DC24E27F080048585B /* BaseTabbarController.swift in Sources */ = {isa = PBXBuildFile; fileRef = A651E9DB24E27F080048585B /* BaseTabbarController.swift */; };
		A651E9DE24E27F3E0048585B /* BaseNavigationController.swift in Sources */ = {isa = PBXBuildFile; fileRef = A651E9DD24E27F3E0048585B /* BaseNavigationController.swift */; };
		A651E9E024E27F5E0048585B /* BaseViewController.swift in Sources */ = {isa = PBXBuildFile; fileRef = A651E9DF24E27F5E0048585B /* BaseViewController.swift */; };
		A651E9E224E2805A0048585B /* HomeViewController.swift in Sources */ = {isa = PBXBuildFile; fileRef = A651E9E124E2805A0048585B /* HomeViewController.swift */; };
		A651E9E424E280810048585B /* MineViewController.swift in Sources */ = {isa = PBXBuildFile; fileRef = A651E9E324E280810048585B /* MineViewController.swift */; };
		A651E9EF24E28F370048585B /* Const.swift in Sources */ = {isa = PBXBuildFile; fileRef = A651E9EE24E28F370048585B /* Const.swift */; };
		A680E09724C0516900B05A37 /* AppDelegate.swift in Sources */ = {isa = PBXBuildFile; fileRef = A680E09624C0516900B05A37 /* AppDelegate.swift */; };
		A680E09B24C0516900B05A37 /* ViewController.swift in Sources */ = {isa = PBXBuildFile; fileRef = A680E09A24C0516900B05A37 /* ViewController.swift */; };
		A680E09E24C0516900B05A37 /* Main.storyboard in Resources */ = {isa = PBXBuildFile; fileRef = A680E09C24C0516900B05A37 /* Main.storyboard */; };
		A680E0A024C0516C00B05A37 /* Assets.xcassets in Resources */ = {isa = PBXBuildFile; fileRef = A680E09F24C0516C00B05A37 /* Assets.xcassets */; };
		A680E0A324C0516C00B05A37 /* LaunchScreen.storyboard in Resources */ = {isa = PBXBuildFile; fileRef = A680E0A124C0516C00B05A37 /* LaunchScreen.storyboard */; };
		A680E0AD24C052F700B05A37 /* HZCycleView.swift in Sources */ = {isa = PBXBuildFile; fileRef = A680E0AB24C052F600B05A37 /* HZCycleView.swift */; };
		A680E0AE24C052F700B05A37 /* HZCycleViewCell.swift in Sources */ = {isa = PBXBuildFile; fileRef = A680E0AC24C052F600B05A37 /* HZCycleViewCell.swift */; };
		A680E10124C05D2700B05A37 /* HWNetworking.swift in Sources */ = {isa = PBXBuildFile; fileRef = A680E10024C05D2700B05A37 /* HWNetworking.swift */; };
/* End PBXBuildFile section */

/* Begin PBXFileReference section */
		5A26442B247AE41ABE7ADB0C /* Pods-HZCycleView.release.xcconfig */ = {isa = PBXFileReference; includeInIndex = 1; lastKnownFileType = text.xcconfig; name = "Pods-HZCycleView.release.xcconfig"; path = "Target Support Files/Pods-HZCycleView/Pods-HZCycleView.release.xcconfig"; sourceTree = "<group>"; };
		5F7B5CD688CD97034B6B6A66 /* Pods-HZCycleView.debug.xcconfig */ = {isa = PBXFileReference; includeInIndex = 1; lastKnownFileType = text.xcconfig; name = "Pods-HZCycleView.debug.xcconfig"; path = "Target Support Files/Pods-HZCycleView/Pods-HZCycleView.debug.xcconfig"; sourceTree = "<group>"; };
		A60C883F24E3867000085F40 /* HZCycleModel.swift */ = {isa = PBXFileReference; lastKnownFileType = sourcecode.swift; path = HZCycleModel.swift; sourceTree = "<group>"; };
		A60C884124E38A6200085F40 /* HomeModel.swift */ = {isa = PBXFileReference; lastKnownFileType = sourcecode.swift; path = HomeModel.swift; sourceTree = "<group>"; };
		A60C884324E38FE800085F40 /* HomeCell.swift */ = {isa = PBXFileReference; lastKnownFileType = sourcecode.swift; path = HomeCell.swift; sourceTree = "<group>"; };
		A60C884524E3C97400085F40 /* NetConst.swift */ = {isa = PBXFileReference; lastKnownFileType = sourcecode.swift; path = NetConst.swift; sourceTree = "<group>"; };
		A60C884724E3EACD00085F40 /* GirlModel.swift */ = {isa = PBXFileReference; lastKnownFileType = sourcecode.swift; path = GirlModel.swift; sourceTree = "<group>"; };
		A60C884924E3EAED00085F40 /* GirlViewController.swift */ = {isa = PBXFileReference; lastKnownFileType = sourcecode.swift; path = GirlViewController.swift; sourceTree = "<group>"; };
		A615EC1024E4CC0B003F5782 /* HZCycleView-Bridging-Header.h */ = {isa = PBXFileReference; lastKnownFileType = sourcecode.c.h; path = "HZCycleView-Bridging-Header.h"; sourceTree = "<group>"; };
		A639BB7724E6195900D790A2 /* ReadViewController.swift */ = {isa = PBXFileReference; lastKnownFileType = sourcecode.swift; path = ReadViewController.swift; sourceTree = "<group>"; };
		A639BB7924E619F300D790A2 /* CatagoryViewController.swift */ = {isa = PBXFileReference; lastKnownFileType = sourcecode.swift; path = CatagoryViewController.swift; sourceTree = "<group>"; };
		A639BB7C24E62EAE00D790A2 /* HZImageViewer.swift */ = {isa = PBXFileReference; lastKnownFileType = sourcecode.swift; path = HZImageViewer.swift; sourceTree = "<group>"; };
		A639BB7E24E63B3A00D790A2 /* HZImageViewerCell.swift */ = {isa = PBXFileReference; lastKnownFileType = sourcecode.swift; path = HZImageViewerCell.swift; sourceTree = "<group>"; };
		A639BB8024E6656400D790A2 /* HZImageLoading.swift */ = {isa = PBXFileReference; lastKnownFileType = sourcecode.swift; path = HZImageLoading.swift; sourceTree = "<group>"; };
		A64E433624E43CC6009E94D1 /* GirlViewCell.swift */ = {isa = PBXFileReference; lastKnownFileType = sourcecode.swift; path = GirlViewCell.swift; sourceTree = "<group>"; };
		A651E9DB24E27F080048585B /* BaseTabbarController.swift */ = {isa = PBXFileReference; lastKnownFileType = sourcecode.swift; path = BaseTabbarController.swift; sourceTree = "<group>"; };
		A651E9DD24E27F3E0048585B /* BaseNavigationController.swift */ = {isa = PBXFileReference; lastKnownFileType = sourcecode.swift; path = BaseNavigationController.swift; sourceTree = "<group>"; };
		A651E9DF24E27F5E0048585B /* BaseViewController.swift */ = {isa = PBXFileReference; lastKnownFileType = sourcecode.swift; path = BaseViewController.swift; sourceTree = "<group>"; };
		A651E9E124E2805A0048585B /* HomeViewController.swift */ = {isa = PBXFileReference; lastKnownFileType = sourcecode.swift; path = HomeViewController.swift; sourceTree = "<group>"; };
		A651E9E324E280810048585B /* MineViewController.swift */ = {isa = PBXFileReference; lastKnownFileType = sourcecode.swift; path = MineViewController.swift; sourceTree = "<group>"; };
		A651E9EE24E28F370048585B /* Const.swift */ = {isa = PBXFileReference; lastKnownFileType = sourcecode.swift; path = Const.swift; sourceTree = "<group>"; };
		A680E09324C0516900B05A37 /* HZCycleView.app */ = {isa = PBXFileReference; explicitFileType = wrapper.application; includeInIndex = 0; path = HZCycleView.app; sourceTree = BUILT_PRODUCTS_DIR; };
		A680E09624C0516900B05A37 /* AppDelegate.swift */ = {isa = PBXFileReference; lastKnownFileType = sourcecode.swift; path = AppDelegate.swift; sourceTree = "<group>"; };
		A680E09A24C0516900B05A37 /* ViewController.swift */ = {isa = PBXFileReference; lastKnownFileType = sourcecode.swift; path = ViewController.swift; sourceTree = "<group>"; };
		A680E09D24C0516900B05A37 /* Base */ = {isa = PBXFileReference; lastKnownFileType = file.storyboard; name = Base; path = Base.lproj/Main.storyboard; sourceTree = "<group>"; };
		A680E09F24C0516C00B05A37 /* Assets.xcassets */ = {isa = PBXFileReference; lastKnownFileType = folder.assetcatalog; path = Assets.xcassets; sourceTree = "<group>"; };
		A680E0A224C0516C00B05A37 /* Base */ = {isa = PBXFileReference; lastKnownFileType = file.storyboard; name = Base; path = Base.lproj/LaunchScreen.storyboard; sourceTree = "<group>"; };
		A680E0A424C0516C00B05A37 /* Info.plist */ = {isa = PBXFileReference; lastKnownFileType = text.plist.xml; path = Info.plist; sourceTree = "<group>"; };
		A680E0AB24C052F600B05A37 /* HZCycleView.swift */ = {isa = PBXFileReference; fileEncoding = 4; lastKnownFileType = sourcecode.swift; path = HZCycleView.swift; sourceTree = "<group>"; };
		A680E0AC24C052F600B05A37 /* HZCycleViewCell.swift */ = {isa = PBXFileReference; fileEncoding = 4; lastKnownFileType = sourcecode.swift; path = HZCycleViewCell.swift; sourceTree = "<group>"; };
		A680E10024C05D2700B05A37 /* HWNetworking.swift */ = {isa = PBXFileReference; fileEncoding = 4; lastKnownFileType = sourcecode.swift; path = HWNetworking.swift; sourceTree = "<group>"; };
		FDEC2968AA1D6F340BAF4569 /* Pods_HZCycleView.framework */ = {isa = PBXFileReference; explicitFileType = wrapper.framework; includeInIndex = 0; path = Pods_HZCycleView.framework; sourceTree = BUILT_PRODUCTS_DIR; };
/* End PBXFileReference section */

/* Begin PBXFrameworksBuildPhase section */
		A680E09024C0516900B05A37 /* Frameworks */ = {
			isa = PBXFrameworksBuildPhase;
			buildActionMask = 2147483647;
			files = (
				73394AD04AA3A55F25AC55E2 /* Pods_HZCycleView.framework in Frameworks */,
			);
			runOnlyForDeploymentPostprocessing = 0;
		};
/* End PBXFrameworksBuildPhase section */

/* Begin PBXGroup section */
		05D943DA00C122E82652725C /* Frameworks */ = {
			isa = PBXGroup;
			children = (
				FDEC2968AA1D6F340BAF4569 /* Pods_HZCycleView.framework */,
			);
			name = Frameworks;
			sourceTree = "<group>";
		};
		4456C76059948BD4A555344C /* Pods */ = {
			isa = PBXGroup;
			children = (
				5F7B5CD688CD97034B6B6A66 /* Pods-HZCycleView.debug.xcconfig */,
				5A26442B247AE41ABE7ADB0C /* Pods-HZCycleView.release.xcconfig */,
			);
			path = Pods;
			sourceTree = "<group>";
		};
		A60C883A24E3792400085F40 /* 首页 */ = {
			isa = PBXGroup;
			children = (
				A651E9E124E2805A0048585B /* HomeViewController.swift */,
				A60C884124E38A6200085F40 /* HomeModel.swift */,
				A60C884324E38FE800085F40 /* HomeCell.swift */,
			);
			path = "首页";
			sourceTree = "<group>";
		};
		A60C883B24E3792B00085F40 /* 分类 */ = {
			isa = PBXGroup;
			children = (
				A639BB7924E619F300D790A2 /* CatagoryViewController.swift */,
			);
			path = "分类";
			sourceTree = "<group>";
		};
		A60C883C24E3793500085F40 /* 美女 */ = {
			isa = PBXGroup;
			children = (
				A60C884924E3EAED00085F40 /* GirlViewController.swift */,
				A60C884724E3EACD00085F40 /* GirlModel.swift */,
				A64E433624E43CC6009E94D1 /* GirlViewCell.swift */,
			);
			path = "美女";
			sourceTree = "<group>";
		};
		A60C883D24E3794100085F40 /* 阅读 */ = {
			isa = PBXGroup;
			children = (
				A639BB7724E6195900D790A2 /* ReadViewController.swift */,
			);
			path = "阅读";
			sourceTree = "<group>";
		};
		A60C883E24E3794800085F40 /* 我的 */ = {
			isa = PBXGroup;
			children = (
				A651E9E324E280810048585B /* MineViewController.swift */,
			);
			path = "我的";
			sourceTree = "<group>";
		};
		A639BB7B24E62E7600D790A2 /* HZImageViewer */ = {
			isa = PBXGroup;
			children = (
				A639BB7C24E62EAE00D790A2 /* HZImageViewer.swift */,
				A639BB7E24E63B3A00D790A2 /* HZImageViewerCell.swift */,
				A639BB8024E6656400D790A2 /* HZImageLoading.swift */,
			);
			path = HZImageViewer;
			sourceTree = "<group>";
		};
		A651E9DA24E27EB10048585B /* Base */ = {
			isa = PBXGroup;
			children = (
				A651E9DB24E27F080048585B /* BaseTabbarController.swift */,
				A651E9DD24E27F3E0048585B /* BaseNavigationController.swift */,
				A651E9DF24E27F5E0048585B /* BaseViewController.swift */,
			);
			path = Base;
			sourceTree = "<group>";
		};
		A651E9EB24E28F010048585B /* Other */ = {
			isa = PBXGroup;
			children = (
				A651E9EE24E28F370048585B /* Const.swift */,
				A60C884524E3C97400085F40 /* NetConst.swift */,
			);
			path = Other;
			sourceTree = "<group>";
		};
		A680E08A24C0516900B05A37 = {
			isa = PBXGroup;
			children = (
				A680E09524C0516900B05A37 /* HZCycleView */,
				A680E09424C0516900B05A37 /* Products */,
				4456C76059948BD4A555344C /* Pods */,
				05D943DA00C122E82652725C /* Frameworks */,
			);
			sourceTree = "<group>";
		};
		A680E09424C0516900B05A37 /* Products */ = {
			isa = PBXGroup;
			children = (
				A680E09324C0516900B05A37 /* HZCycleView.app */,
			);
			name = Products;
			sourceTree = "<group>";
		};
		A680E09524C0516900B05A37 /* HZCycleView */ = {
			isa = PBXGroup;
			children = (
				A639BB7B24E62E7600D790A2 /* HZImageViewer */,
				A60C883A24E3792400085F40 /* 首页 */,
				A60C883B24E3792B00085F40 /* 分类 */,
				A60C883C24E3793500085F40 /* 美女 */,
				A60C883D24E3794100085F40 /* 阅读 */,
				A60C883E24E3794800085F40 /* 我的 */,
				A651E9EB24E28F010048585B /* Other */,
				A651E9DA24E27EB10048585B /* Base */,
				A680E0FF24C05D2700B05A37 /* HWNetworking */,
				A680E0AA24C0525D00B05A37 /* HZCycleView */,
				A680E09624C0516900B05A37 /* AppDelegate.swift */,
				A680E09A24C0516900B05A37 /* ViewController.swift */,
				A680E09C24C0516900B05A37 /* Main.storyboard */,
				A680E09F24C0516C00B05A37 /* Assets.xcassets */,
				A680E0A124C0516C00B05A37 /* LaunchScreen.storyboard */,
				A680E0A424C0516C00B05A37 /* Info.plist */,
				A615EC1024E4CC0B003F5782 /* HZCycleView-Bridging-Header.h */,
			);
			path = HZCycleView;
			sourceTree = "<group>";
		};
		A680E0AA24C0525D00B05A37 /* HZCycleView */ = {
			isa = PBXGroup;
			children = (
				A680E0AB24C052F600B05A37 /* HZCycleView.swift */,
				A60C883F24E3867000085F40 /* HZCycleModel.swift */,
				A680E0AC24C052F600B05A37 /* HZCycleViewCell.swift */,
			);
			path = HZCycleView;
			sourceTree = "<group>";
		};
		A680E0FF24C05D2700B05A37 /* HWNetworking */ = {
			isa = PBXGroup;
			children = (
				A680E10024C05D2700B05A37 /* HWNetworking.swift */,
			);
			path = HWNetworking;
			sourceTree = "<group>";
		};
/* End PBXGroup section */

/* Begin PBXNativeTarget section */
		A680E09224C0516900B05A37 /* HZCycleView */ = {
			isa = PBXNativeTarget;
			buildConfigurationList = A680E0A724C0516C00B05A37 /* Build configuration list for PBXNativeTarget "HZCycleView" */;
			buildPhases = (
				3DF7DEF5DC9DB1DA11943DFE /* [CP] Check Pods Manifest.lock */,
				A680E08F24C0516900B05A37 /* Sources */,
				A680E09024C0516900B05A37 /* Frameworks */,
				A680E09124C0516900B05A37 /* Resources */,
				22E5DB438B031779E699E6A8 /* [CP] Embed Pods Frameworks */,
			);
			buildRules = (
			);
			dependencies = (
			);
			name = HZCycleView;
			productName = HZCycleView;
			productReference = A680E09324C0516900B05A37 /* HZCycleView.app */;
			productType = "com.apple.product-type.application";
		};
/* End PBXNativeTarget section */

/* Begin PBXProject section */
		A680E08B24C0516900B05A37 /* Project object */ = {
			isa = PBXProject;
			attributes = {
				LastSwiftUpdateCheck = 1150;
				LastUpgradeCheck = 1150;
				ORGANIZATIONNAME = llh;
				TargetAttributes = {
					A680E09224C0516900B05A37 = {
						CreatedOnToolsVersion = 11.5;
						LastSwiftMigration = 1150;
					};
				};
			};
			buildConfigurationList = A680E08E24C0516900B05A37 /* Build configuration list for PBXProject "HZCycleView" */;
			compatibilityVersion = "Xcode 9.3";
			developmentRegion = en;
			hasScannedForEncodings = 0;
			knownRegions = (
				en,
				Base,
			);
			mainGroup = A680E08A24C0516900B05A37;
			productRefGroup = A680E09424C0516900B05A37 /* Products */;
			projectDirPath = "";
			projectRoot = "";
			targets = (
				A680E09224C0516900B05A37 /* HZCycleView */,
			);
		};
/* End PBXProject section */

/* Begin PBXResourcesBuildPhase section */
		A680E09124C0516900B05A37 /* Resources */ = {
			isa = PBXResourcesBuildPhase;
			buildActionMask = 2147483647;
			files = (
				A680E0A324C0516C00B05A37 /* LaunchScreen.storyboard in Resources */,
				A680E0A024C0516C00B05A37 /* Assets.xcassets in Resources */,
				A680E09E24C0516900B05A37 /* Main.storyboard in Resources */,
			);
			runOnlyForDeploymentPostprocessing = 0;
		};
/* End PBXResourcesBuildPhase section */

/* Begin PBXShellScriptBuildPhase section */
		22E5DB438B031779E699E6A8 /* [CP] Embed Pods Frameworks */ = {
			isa = PBXShellScriptBuildPhase;
			buildActionMask = 2147483647;
			files = (
			);
			inputFileListPaths = (
				"${PODS_ROOT}/Target Support Files/Pods-HZCycleView/Pods-HZCycleView-frameworks-${CONFIGURATION}-input-files.xcfilelist",
			);
			name = "[CP] Embed Pods Frameworks";
			outputFileListPaths = (
				"${PODS_ROOT}/Target Support Files/Pods-HZCycleView/Pods-HZCycleView-frameworks-${CONFIGURATION}-output-files.xcfilelist",
			);
			runOnlyForDeploymentPostprocessing = 0;
			shellPath = /bin/sh;
			shellScript = "\"${PODS_ROOT}/Target Support Files/Pods-HZCycleView/Pods-HZCycleView-frameworks.sh\"\n";
			showEnvVarsInLog = 0;
		};
		3DF7DEF5DC9DB1DA11943DFE /* [CP] Check Pods Manifest.lock */ = {
			isa = PBXShellScriptBuildPhase;
			buildActionMask = 2147483647;
			files = (
			);
			inputFileListPaths = (
			);
			inputPaths = (
				"${PODS_PODFILE_DIR_PATH}/Podfile.lock",
				"${PODS_ROOT}/Manifest.lock",
			);
			name = "[CP] Check Pods Manifest.lock";
			outputFileListPaths = (
			);
			outputPaths = (
				"$(DERIVED_FILE_DIR)/Pods-HZCycleView-checkManifestLockResult.txt",
			);
			runOnlyForDeploymentPostprocessing = 0;
			shellPath = /bin/sh;
			shellScript = "diff \"${PODS_PODFILE_DIR_PATH}/Podfile.lock\" \"${PODS_ROOT}/Manifest.lock\" > /dev/null\nif [ $? != 0 ] ; then\n    # print error to STDERR\n    echo \"error: The sandbox is not in sync with the Podfile.lock. Run 'pod install' or update your CocoaPods installation.\" >&2\n    exit 1\nfi\n# This output is used by Xcode 'outputs' to avoid re-running this script phase.\necho \"SUCCESS\" > \"${SCRIPT_OUTPUT_FILE_0}\"\n";
			showEnvVarsInLog = 0;
		};
/* End PBXShellScriptBuildPhase section */

/* Begin PBXSourcesBuildPhase section */
		A680E08F24C0516900B05A37 /* Sources */ = {
			isa = PBXSourcesBuildPhase;
			buildActionMask = 2147483647;
			files = (
				A60C884024E3867000085F40 /* HZCycleModel.swift in Sources */,
				A639BB7A24E619F300D790A2 /* CatagoryViewController.swift in Sources */,
				A651E9DE24E27F3E0048585B /* BaseNavigationController.swift in Sources */,
				A639BB8124E6656400D790A2 /* HZImageLoading.swift in Sources */,
				A651E9E424E280810048585B /* MineViewController.swift in Sources */,
				A60C884A24E3EAED00085F40 /* GirlViewController.swift in Sources */,
				A60C884224E38A6200085F40 /* HomeModel.swift in Sources */,
				A680E09B24C0516900B05A37 /* ViewController.swift in Sources */,
				A680E10124C05D2700B05A37 /* HWNetworking.swift in Sources */,
				A651E9DC24E27F080048585B /* BaseTabbarController.swift in Sources */,
				A639BB7F24E63B3A00D790A2 /* HZImageViewerCell.swift in Sources */,
				A680E0AE24C052F700B05A37 /* HZCycleViewCell.swift in Sources */,
				A639BB7824E6195900D790A2 /* ReadViewController.swift in Sources */,
				A64E433724E43CC6009E94D1 /* GirlViewCell.swift in Sources */,
				A651E9E224E2805A0048585B /* HomeViewController.swift in Sources */,
				A651E9E024E27F5E0048585B /* BaseViewController.swift in Sources */,
				A60C884824E3EACD00085F40 /* GirlModel.swift in Sources */,
				A680E0AD24C052F700B05A37 /* HZCycleView.swift in Sources */,
				A60C884624E3C97400085F40 /* NetConst.swift in Sources */,
				A639BB7D24E62EAE00D790A2 /* HZImageViewer.swift in Sources */,
				A60C884424E38FE900085F40 /* HomeCell.swift in Sources */,
				A680E09724C0516900B05A37 /* AppDelegate.swift in Sources */,
				A651E9EF24E28F370048585B /* Const.swift in Sources */,
			);
			runOnlyForDeploymentPostprocessing = 0;
		};
/* End PBXSourcesBuildPhase section */

/* Begin PBXVariantGroup section */
		A680E09C24C0516900B05A37 /* Main.storyboard */ = {
			isa = PBXVariantGroup;
			children = (
				A680E09D24C0516900B05A37 /* Base */,
			);
			name = Main.storyboard;
			sourceTree = "<group>";
		};
		A680E0A124C0516C00B05A37 /* LaunchScreen.storyboard */ = {
			isa = PBXVariantGroup;
			children = (
				A680E0A224C0516C00B05A37 /* Base */,
			);
			name = LaunchScreen.storyboard;
			sourceTree = "<group>";
		};
/* End PBXVariantGroup section */

/* Begin XCBuildConfiguration section */
		A680E0A524C0516C00B05A37 /* Debug */ = {
			isa = XCBuildConfiguration;
			buildSettings = {
				ALWAYS_SEARCH_USER_PATHS = NO;
				CLANG_ANALYZER_NONNULL = YES;
				CLANG_ANALYZER_NUMBER_OBJECT_CONVERSION = YES_AGGRESSIVE;
				CLANG_CXX_LANGUAGE_STANDARD = "gnu++14";
				CLANG_CXX_LIBRARY = "libc++";
				CLANG_ENABLE_MODULES = YES;
				CLANG_ENABLE_OBJC_ARC = YES;
				CLANG_ENABLE_OBJC_WEAK = YES;
				CLANG_WARN_BLOCK_CAPTURE_AUTORELEASING = YES;
				CLANG_WARN_BOOL_CONVERSION = YES;
				CLANG_WARN_COMMA = YES;
				CLANG_WARN_CONSTANT_CONVERSION = YES;
				CLANG_WARN_DEPRECATED_OBJC_IMPLEMENTATIONS = YES;
				CLANG_WARN_DIRECT_OBJC_ISA_USAGE = YES_ERROR;
				CLANG_WARN_DOCUMENTATION_COMMENTS = YES;
				CLANG_WARN_EMPTY_BODY = YES;
				CLANG_WARN_ENUM_CONVERSION = YES;
				CLANG_WARN_INFINITE_RECURSION = YES;
				CLANG_WARN_INT_CONVERSION = YES;
				CLANG_WARN_NON_LITERAL_NULL_CONVERSION = YES;
				CLANG_WARN_OBJC_IMPLICIT_RETAIN_SELF = YES;
				CLANG_WARN_OBJC_LITERAL_CONVERSION = YES;
				CLANG_WARN_OBJC_ROOT_CLASS = YES_ERROR;
				CLANG_WARN_RANGE_LOOP_ANALYSIS = YES;
				CLANG_WARN_STRICT_PROTOTYPES = YES;
				CLANG_WARN_SUSPICIOUS_MOVE = YES;
				CLANG_WARN_UNGUARDED_AVAILABILITY = YES_AGGRESSIVE;
				CLANG_WARN_UNREACHABLE_CODE = YES;
				CLANG_WARN__DUPLICATE_METHOD_MATCH = YES;
				COPY_PHASE_STRIP = NO;
				DEBUG_INFORMATION_FORMAT = dwarf;
				ENABLE_STRICT_OBJC_MSGSEND = YES;
				ENABLE_TESTABILITY = YES;
				GCC_C_LANGUAGE_STANDARD = gnu11;
				GCC_DYNAMIC_NO_PIC = NO;
				GCC_NO_COMMON_BLOCKS = YES;
				GCC_OPTIMIZATION_LEVEL = 0;
				GCC_PREPROCESSOR_DEFINITIONS = (
					"DEBUG=1",
					"$(inherited)",
				);
				GCC_WARN_64_TO_32_BIT_CONVERSION = YES;
				GCC_WARN_ABOUT_RETURN_TYPE = YES_ERROR;
				GCC_WARN_UNDECLARED_SELECTOR = YES;
				GCC_WARN_UNINITIALIZED_AUTOS = YES_AGGRESSIVE;
				GCC_WARN_UNUSED_FUNCTION = YES;
				GCC_WARN_UNUSED_VARIABLE = YES;
				IPHONEOS_DEPLOYMENT_TARGET = 13.5;
				MTL_ENABLE_DEBUG_INFO = INCLUDE_SOURCE;
				MTL_FAST_MATH = YES;
				ONLY_ACTIVE_ARCH = YES;
				SDKROOT = iphoneos;
				SWIFT_ACTIVE_COMPILATION_CONDITIONS = DEBUG;
				SWIFT_OPTIMIZATION_LEVEL = "-Onone";
			};
			name = Debug;
		};
		A680E0A624C0516C00B05A37 /* Release */ = {
			isa = XCBuildConfiguration;
			buildSettings = {
				ALWAYS_SEARCH_USER_PATHS = NO;
				CLANG_ANALYZER_NONNULL = YES;
				CLANG_ANALYZER_NUMBER_OBJECT_CONVERSION = YES_AGGRESSIVE;
				CLANG_CXX_LANGUAGE_STANDARD = "gnu++14";
				CLANG_CXX_LIBRARY = "libc++";
				CLANG_ENABLE_MODULES = YES;
				CLANG_ENABLE_OBJC_ARC = YES;
				CLANG_ENABLE_OBJC_WEAK = YES;
				CLANG_WARN_BLOCK_CAPTURE_AUTORELEASING = YES;
				CLANG_WARN_BOOL_CONVERSION = YES;
				CLANG_WARN_COMMA = YES;
				CLANG_WARN_CONSTANT_CONVERSION = YES;
				CLANG_WARN_DEPRECATED_OBJC_IMPLEMENTATIONS = YES;
				CLANG_WARN_DIRECT_OBJC_ISA_USAGE = YES_ERROR;
				CLANG_WARN_DOCUMENTATION_COMMENTS = YES;
				CLANG_WARN_EMPTY_BODY = YES;
				CLANG_WARN_ENUM_CONVERSION = YES;
				CLANG_WARN_INFINITE_RECURSION = YES;
				CLANG_WARN_INT_CONVERSION = YES;
				CLANG_WARN_NON_LITERAL_NULL_CONVERSION = YES;
				CLANG_WARN_OBJC_IMPLICIT_RETAIN_SELF = YES;
				CLANG_WARN_OBJC_LITERAL_CONVERSION = YES;
				CLANG_WARN_OBJC_ROOT_CLASS = YES_ERROR;
				CLANG_WARN_RANGE_LOOP_ANALYSIS = YES;
				CLANG_WARN_STRICT_PROTOTYPES = YES;
				CLANG_WARN_SUSPICIOUS_MOVE = YES;
				CLANG_WARN_UNGUARDED_AVAILABILITY = YES_AGGRESSIVE;
				CLANG_WARN_UNREACHABLE_CODE = YES;
				CLANG_WARN__DUPLICATE_METHOD_MATCH = YES;
				COPY_PHASE_STRIP = NO;
				DEBUG_INFORMATION_FORMAT = "dwarf-with-dsym";
				ENABLE_NS_ASSERTIONS = NO;
				ENABLE_STRICT_OBJC_MSGSEND = YES;
				GCC_C_LANGUAGE_STANDARD = gnu11;
				GCC_NO_COMMON_BLOCKS = YES;
				GCC_WARN_64_TO_32_BIT_CONVERSION = YES;
				GCC_WARN_ABOUT_RETURN_TYPE = YES_ERROR;
				GCC_WARN_UNDECLARED_SELECTOR = YES;
				GCC_WARN_UNINITIALIZED_AUTOS = YES_AGGRESSIVE;
				GCC_WARN_UNUSED_FUNCTION = YES;
				GCC_WARN_UNUSED_VARIABLE = YES;
				IPHONEOS_DEPLOYMENT_TARGET = 13.5;
				MTL_ENABLE_DEBUG_INFO = NO;
				MTL_FAST_MATH = YES;
				SDKROOT = iphoneos;
				SWIFT_COMPILATION_MODE = wholemodule;
				SWIFT_OPTIMIZATION_LEVEL = "-O";
				VALIDATE_PRODUCT = YES;
			};
			name = Release;
		};
		A680E0A824C0516C00B05A37 /* Debug */ = {
			isa = XCBuildConfiguration;
			baseConfigurationReference = 5F7B5CD688CD97034B6B6A66 /* Pods-HZCycleView.debug.xcconfig */;
			buildSettings = {
				ASSETCATALOG_COMPILER_APPICON_NAME = AppIcon;
				CLANG_ENABLE_MODULES = YES;
				CODE_SIGN_STYLE = Automatic;
				DEVELOPMENT_TEAM = V7SHS4UC6G;
				INFOPLIST_FILE = HZCycleView/Info.plist;
				LD_RUNPATH_SEARCH_PATHS = (
					"$(inherited)",
					"@executable_path/Frameworks",
				);
				PRODUCT_BUNDLE_IDENTIFIER = com.hzz.HZCycleView;
				PRODUCT_NAME = "$(TARGET_NAME)";
				SWIFT_OBJC_BRIDGING_HEADER = "HZCycleView/HZCycleView-Bridging-Header.h";
				SWIFT_OPTIMIZATION_LEVEL = "-Onone";
				SWIFT_VERSION = 5.0;
				TARGETED_DEVICE_FAMILY = "1,2";
			};
			name = Debug;
		};
		A680E0A924C0516C00B05A37 /* Release */ = {
			isa = XCBuildConfiguration;
			baseConfigurationReference = 5A26442B247AE41ABE7ADB0C /* Pods-HZCycleView.release.xcconfig */;
			buildSettings = {
				ASSETCATALOG_COMPILER_APPICON_NAME = AppIcon;
				CLANG_ENABLE_MODULES = YES;
				CODE_SIGN_STYLE = Automatic;
				DEVELOPMENT_TEAM = V7SHS4UC6G;
				INFOPLIST_FILE = HZCycleView/Info.plist;
				LD_RUNPATH_SEARCH_PATHS = (
					"$(inherited)",
					"@executable_path/Frameworks",
				);
				PRODUCT_BUNDLE_IDENTIFIER = com.hzz.HZCycleView;
				PRODUCT_NAME = "$(TARGET_NAME)";
				SWIFT_OBJC_BRIDGING_HEADER = "HZCycleView/HZCycleView-Bridging-Header.h";
				SWIFT_VERSION = 5.0;
				TARGETED_DEVICE_FAMILY = "1,2";
			};
			name = Release;
		};
/* End XCBuildConfiguration section */

/* Begin XCConfigurationList section */
		A680E08E24C0516900B05A37 /* Build configuration list for PBXProject "HZCycleView" */ = {
			isa = XCConfigurationList;
			buildConfigurations = (
				A680E0A524C0516C00B05A37 /* Debug */,
				A680E0A624C0516C00B05A37 /* Release */,
			);
			defaultConfigurationIsVisible = 0;
			defaultConfigurationName = Release;
		};
		A680E0A724C0516C00B05A37 /* Build configuration list for PBXNativeTarget "HZCycleView" */ = {
			isa = XCConfigurationList;
			buildConfigurations = (
				A680E0A824C0516C00B05A37 /* Debug */,
				A680E0A924C0516C00B05A37 /* Release */,
			);
			defaultConfigurationIsVisible = 0;
			defaultConfigurationName = Release;
		};
/* End XCConfigurationList section */
	};
	rootObject = A680E08B24C0516900B05A37 /* Project object */;
}
